
Microsoft Visual Studio Solution File, Format Version 12.00
# Visual Studio Version 17
VisualStudioVersion = 17.9.34728.123
MinimumVisualStudioVersion = 10.0.40219.1
Project("{FAE04EC0-301F-11D3-BF4B-00C04F79EFBC}") = "campaign_hub", "campaign_hub.csproj", "{8176B8A9-CA3F-4D96-98D5-73FB5328CE3D}"
EndProject
Project("{FAE04EC0-301F-11D3-BF4B-00C04F79EFBC}") = "DataAccessLibrary", "..\DataAccessLibrary\DataAccessLibrary.csproj", "{A0DFB8BB-94F0-41E1-A925-43750F458C8B}"
EndProject
Global
	GlobalSection(SolutionConfigurationPlatforms) = preSolution
		Debug|Any CPU = Debug|Any CPU
		Release|Any CPU = Release|Any CPU
	EndGlobalSection
	GlobalSection(ProjectConfigurationPlatforms) = postSolution
		{8176B8A9-CA3F-4D96-98D5-73FB5328CE3D}.Debug|Any CPU.ActiveCfg = Debug|Any CPU
		{8176B8A9-CA3F-4D96-98D5-73FB5328CE3D}.Debug|Any CPU.Build.0 = Debug|Any CPU
		{8176B8A9-CA3F-4D96-98D5-73FB5328CE3D}.Release|Any CPU.ActiveCfg = Release|Any CPU
		{8176B8A9-CA3F-4D96-98D5-73FB5328CE3D}.Release|Any CPU.Build.0 = Release|Any CPU
		{A0DFB8BB-94F0-41E1-A925-43750F458C8B}.Debug|Any CPU.ActiveCfg = Debug|Any CPU
		{A0DFB8BB-94F0-41E1-A925-43750F458C8B}.Debug|Any CPU.Build.0 = Debug|Any CPU
		{A0DFB8BB-94F0-41E1-A925-43750F458C8B}.Release|Any CPU.ActiveCfg = Release|Any CPU
		{A0DFB8BB-94F0-41E1-A925-43750F458C8B}.Release|Any CPU.Build.0 = Release|Any CPU
	EndGlobalSection
	GlobalSection(SolutionProperties) = preSolution
		HideSolutionNode = FALSE
	EndGlobalSection
	GlobalSection(ExtensibilityGlobals) = postSolution
		SolutionGuid = {22AA8E4B-9A20-496B-9056-7E5AAEA96D12}
	EndGlobalSection
EndGlobal
